
Microsoft Visual Studio Solution File, Format Version 12.00
# Visual Studio Version 17
VisualStudioVersion = 17.14.36310.24 d17.14
MinimumVisualStudioVersion = 10.0.40219.1
Project("{FAE04EC0-301F-11D3-BF4B-00C04F79EFBC}") = "aula2", "aula2\aula2.csproj", "{CAC88FB8-4F6E-4410-A8C5-3E3CC73300E3}"
EndProject
Global
	GlobalSection(SolutionConfigurationPlatforms) = preSolution
		Debug|Any CPU = Debug|Any CPU
		Release|Any CPU = Release|Any CPU
	EndGlobalSection
	GlobalSection(ProjectConfigurationPlatforms) = postSolution
		{CAC88FB8-4F6E-4410-A8C5-3E3CC73300E3}.Debug|Any CPU.ActiveCfg = Debug|Any CPU
		{CAC88FB8-4F6E-4410-A8C5-3E3CC73300E3}.Debug|Any CPU.Build.0 = Debug|Any CPU
		{CAC88FB8-4F6E-4410-A8C5-3E3CC73300E3}.Release|Any CPU.ActiveCfg = Release|Any CPU
		{CAC88FB8-4F6E-4410-A8C5-3E3CC73300E3}.Release|Any CPU.Build.0 = Release|Any CPU
	EndGlobalSection
	GlobalSection(SolutionProperties) = preSolution
		HideSolutionNode = FALSE
	EndGlobalSection
	GlobalSection(ExtensibilityGlobals) = postSolution
		SolutionGuid = {DDC0B919-C133-45D5-AD00-48CF34F2B131}
	EndGlobalSection
EndGlobal
