
Microsoft Visual Studio Solution File, Format Version 12.00
# Visual Studio Version 17
VisualStudioVersion = 17.14.36310.24 d17.14
MinimumVisualStudioVersion = 10.0.40219.1
Project("{FAE04EC0-301F-11D3-BF4B-00C04F79EFBC}") = "consolinho", "consolinho\consolinho.csproj", "{A125CF9F-9B2E-4E32-9FBD-4EA17E89F7F7}"
EndProject
Global
	GlobalSection(SolutionConfigurationPlatforms) = preSolution
		Debug|Any CPU = Debug|Any CPU
		Release|Any CPU = Release|Any CPU
	EndGlobalSection
	GlobalSection(ProjectConfigurationPlatforms) = postSolution
		{A125CF9F-9B2E-4E32-9FBD-4EA17E89F7F7}.Debug|Any CPU.ActiveCfg = Debug|Any CPU
		{A125CF9F-9B2E-4E32-9FBD-4EA17E89F7F7}.Debug|Any CPU.Build.0 = Debug|Any CPU
		{A125CF9F-9B2E-4E32-9FBD-4EA17E89F7F7}.Release|Any CPU.ActiveCfg = Release|Any CPU
		{A125CF9F-9B2E-4E32-9FBD-4EA17E89F7F7}.Release|Any CPU.Build.0 = Release|Any CPU
	EndGlobalSection
	GlobalSection(SolutionProperties) = preSolution
		HideSolutionNode = FALSE
	EndGlobalSection
	GlobalSection(ExtensibilityGlobals) = postSolution
		SolutionGuid = {A2D00A67-7574-4F83-9FFB-989E87B318DE}
	EndGlobalSection
EndGlobal
