
Microsoft Visual Studio Solution File, Format Version 12.00
# Visual Studio Version 17
VisualStudioVersion = 17.14.36414.22 d17.14
MinimumVisualStudioVersion = 10.0.40219.1
Project("{FAE04EC0-301F-11D3-BF4B-00C04F79EFBC}") = "aula_obj", "ConsoleApp1\aula_obj.csproj", "{9B32DF3A-4728-4545-BA4B-6FC54E528448}"
EndProject
Global
	GlobalSection(SolutionConfigurationPlatforms) = preSolution
		Debug|Any CPU = Debug|Any CPU
		Release|Any CPU = Release|Any CPU
	EndGlobalSection
	GlobalSection(ProjectConfigurationPlatforms) = postSolution
		{9B32DF3A-4728-4545-BA4B-6FC54E528448}.Debug|Any CPU.ActiveCfg = Debug|Any CPU
		{9B32DF3A-4728-4545-BA4B-6FC54E528448}.Debug|Any CPU.Build.0 = Debug|Any CPU
		{9B32DF3A-4728-4545-BA4B-6FC54E528448}.Release|Any CPU.ActiveCfg = Release|Any CPU
		{9B32DF3A-4728-4545-BA4B-6FC54E528448}.Release|Any CPU.Build.0 = Release|Any CPU
	EndGlobalSection
	GlobalSection(SolutionProperties) = preSolution
		HideSolutionNode = FALSE
	EndGlobalSection
	GlobalSection(ExtensibilityGlobals) = postSolution
		SolutionGuid = {6CDAE246-1367-4B77-9BEA-61D085515CB2}
	EndGlobalSection
EndGlobal
