
Microsoft Visual Studio Solution File, Format Version 12.00
# Visual Studio Version 17
VisualStudioVersion = 17.14.36408.4 d17.14
MinimumVisualStudioVersion = 10.0.40219.1
Project("{FAE04EC0-301F-11D3-BF4B-00C04F79EFBC}") = "ConsoleApp1", "ConsoleApp1.csproj", "{4A6B3F8C-2C06-4808-BB76-2F7CE55D43A2}"
EndProject
Project("{FAE04EC0-301F-11D3-BF4B-00C04F79EFBC}") = "ConsoleApp2", "..\ConsoleApp2\ConsoleApp2.csproj", "{6C1D0890-7E53-4449-990E-E46FF0ED959A}"
EndProject
Global
	GlobalSection(SolutionConfigurationPlatforms) = preSolution
		Debug|Any CPU = Debug|Any CPU
		Release|Any CPU = Release|Any CPU
	EndGlobalSection
	GlobalSection(ProjectConfigurationPlatforms) = postSolution
		{4A6B3F8C-2C06-4808-BB76-2F7CE55D43A2}.Debug|Any CPU.ActiveCfg = Debug|Any CPU
		{4A6B3F8C-2C06-4808-BB76-2F7CE55D43A2}.Debug|Any CPU.Build.0 = Debug|Any CPU
		{4A6B3F8C-2C06-4808-BB76-2F7CE55D43A2}.Release|Any CPU.ActiveCfg = Release|Any CPU
		{4A6B3F8C-2C06-4808-BB76-2F7CE55D43A2}.Release|Any CPU.Build.0 = Release|Any CPU
		{6C1D0890-7E53-4449-990E-E46FF0ED959A}.Debug|Any CPU.ActiveCfg = Debug|Any CPU
		{6C1D0890-7E53-4449-990E-E46FF0ED959A}.Debug|Any CPU.Build.0 = Debug|Any CPU
		{6C1D0890-7E53-4449-990E-E46FF0ED959A}.Release|Any CPU.ActiveCfg = Release|Any CPU
		{6C1D0890-7E53-4449-990E-E46FF0ED959A}.Release|Any CPU.Build.0 = Release|Any CPU
	EndGlobalSection
	GlobalSection(SolutionProperties) = preSolution
		HideSolutionNode = FALSE
	EndGlobalSection
	GlobalSection(ExtensibilityGlobals) = postSolution
		SolutionGuid = {D348FCAE-5BDC-42A6-AA69-6B36F565EACD}
	EndGlobalSection
EndGlobal
